
Microsoft Visual Studio Solution File, Format Version 12.00
# Visual Studio 15
VisualStudioVersion = 15.0.26403.7
MinimumVisualStudioVersion = 10.0.40219.1
Project("{FAE04EC0-301F-11D3-BF4B-00C04F79EFBC}") = "CapaDatos", "CapaDatos\CapaDatos.csproj", "{52F38AEC-0ECA-43A4-A5EE-8B04EC9C27BD}"
EndProject
Project("{FAE04EC0-301F-11D3-BF4B-00C04F79EFBC}") = "CapaNegocios", "CapaNegocios\CapaNegocios.csproj", "{1251DAE9-4C75-49B0-B682-2F3361276A5A}"
EndProject
Project("{FAE04EC0-301F-11D3-BF4B-00C04F79EFBC}") = "CapaPresentacion", "CapaPresentacion\CapaPresentacion.csproj", "{B2DDE642-C4E8-4FE9-BE70-CA94591C7C2C}"
EndProject
Global
	GlobalSection(SolutionConfigurationPlatforms) = preSolution
		Debug|Any CPU = Debug|Any CPU
		Release|Any CPU = Release|Any CPU
	EndGlobalSection
	GlobalSection(ProjectConfigurationPlatforms) = postSolution
		{52F38AEC-0ECA-43A4-A5EE-8B04EC9C27BD}.Debug|Any CPU.ActiveCfg = Debug|Any CPU
		{52F38AEC-0ECA-43A4-A5EE-8B04EC9C27BD}.Debug|Any CPU.Build.0 = Debug|Any CPU
		{52F38AEC-0ECA-43A4-A5EE-8B04EC9C27BD}.Release|Any CPU.ActiveCfg = Release|Any CPU
		{52F38AEC-0ECA-43A4-A5EE-8B04EC9C27BD}.Release|Any CPU.Build.0 = Release|Any CPU
		{1251DAE9-4C75-49B0-B682-2F3361276A5A}.Debug|Any CPU.ActiveCfg = Debug|Any CPU
		{1251DAE9-4C75-49B0-B682-2F3361276A5A}.Debug|Any CPU.Build.0 = Debug|Any CPU
		{1251DAE9-4C75-49B0-B682-2F3361276A5A}.Release|Any CPU.ActiveCfg = Release|Any CPU
		{1251DAE9-4C75-49B0-B682-2F3361276A5A}.Release|Any CPU.Build.0 = Release|Any CPU
		{B2DDE642-C4E8-4FE9-BE70-CA94591C7C2C}.Debug|Any CPU.ActiveCfg = Debug|Any CPU
		{B2DDE642-C4E8-4FE9-BE70-CA94591C7C2C}.Debug|Any CPU.Build.0 = Debug|Any CPU
		{B2DDE642-C4E8-4FE9-BE70-CA94591C7C2C}.Release|Any CPU.ActiveCfg = Release|Any CPU
		{B2DDE642-C4E8-4FE9-BE70-CA94591C7C2C}.Release|Any CPU.Build.0 = Release|Any CPU
	EndGlobalSection
	GlobalSection(SolutionProperties) = preSolution
		HideSolutionNode = FALSE
	EndGlobalSection
EndGlobal
